PODS:
  - BigInt (3.1.0):
    - SipHash (~> 1.2)
  - CryptoSwift (0.15.0)
  - PromiseKit (6.8.4):
    - PromiseKit/CorePromise (= 6.8.4)
    - PromiseKit/Foundation (= 6.8.4)
    - PromiseKit/UIKit (= 6.8.4)
  - PromiseKit/CorePromise (6.8.4)
  - PromiseKit/Foundation (6.8.4):
    - PromiseKit/CorePromise
  - PromiseKit/UIKit (6.8.4):
    - PromiseKit/CorePromise
  - SerializableValue (0.0.1)
  - SipHash (1.2.2)
  - SQLite.swift (0.11.5):
    - SQLite.swift/standard (= 0.11.5)
  - SQLite.swift/standard (0.11.5)
  - SQLiteMigrationManager.swift (0.5.0):
    - SQLite.swift (~> 0.11.0)
  - TesseractEthereumBase (0.0.1):
    - TesseractEthereumBase/Core (= 0.0.1)
  - TesseractEthereumBase/Core (0.0.1):
    - BigInt (~> 3.1)
    - CryptoSwift (~> 0.13)
    - SerializableValue (~> 0.0.1)

DEPENDENCIES:
  - PromiseKit (~> 6.8.0)
  - SerializableValue (from `https://github.com/tesseract-one/swift-serializable.git`, branch `master`)
  - SQLite.swift (from `https://github.com/stephencelis/SQLite.swift.git`, branch `master`)
  - SQLiteMigrationManager.swift (~> 0.5.0)
  - TesseractEthereumBase (from `https://github.com/tesseract-one/swift-ethereum-base.git`, branch `master`)

SPEC REPOS:
  https://github.com/cocoapods/specs.git:
    - BigInt
    - CryptoSwift
    - PromiseKit
    - SipHash
    - SQLiteMigrationManager.swift

EXTERNAL SOURCES:
  SerializableValue:
    :branch: master
    :git: https://github.com/tesseract-one/swift-serializable.git
  SQLite.swift:
    :branch: master
    :git: https://github.com/stephencelis/SQLite.swift.git
  TesseractEthereumBase:
    :branch: master
    :git: https://github.com/tesseract-one/swift-ethereum-base.git

CHECKOUT OPTIONS:
  SerializableValue:
    :commit: 0e4aa421681921c3144c42f9c4439eba832f81d1
    :git: https://github.com/tesseract-one/swift-serializable.git
  SQLite.swift:
    :commit: 861ff28adec8d175e7f5923340947f0895121416
    :git: https://github.com/stephencelis/SQLite.swift.git
  TesseractEthereumBase:
    :commit: 7ef49035b4e26d6d9a3e2c08efe0a573e351730b
    :git: https://github.com/tesseract-one/swift-ethereum-base.git

SPEC CHECKSUMS:
  BigInt: 76b5dfdfa3e2e478d4ffdf161aeede5502e2742f
  CryptoSwift: 769f58a9e89f64e8796c2e59ce5f002dc81a2438
  PromiseKit: 51794a832647e7b819336dc2279039ce9f1cc49b
  SerializableValue: 231634d0fa47a27bfbf46337c954107454864c9d
  SipHash: fad90a4683e420c52ef28063063dbbce248ea6d4
  SQLite.swift: 7e42c4b88dc7a5d764fbd431001e6d8dc8c1cfce
  SQLiteMigrationManager.swift: 646cfccb9a446b3134d19dca7a5ec5437f82da76
  TesseractEthereumBase: cc36a0266461f2bceaa18e10942bfc91e31d0fa3

PODFILE CHECKSUM: 583f665fab8e495e2a859e36ab61956a3f8daca5

COCOAPODS: 1.6.1
