PODS:
  - BigInt (4.0.0)
  - CryptoSwift (1.0.0)
  - PromiseKit (6.8.5):
    - PromiseKit/CorePromise (= 6.8.5)
    - PromiseKit/Foundation (= 6.8.5)
    - PromiseKit/UIKit (= 6.8.5)
  - PromiseKit/CorePromise (6.8.5)
  - PromiseKit/Foundation (6.8.5):
    - PromiseKit/CorePromise
  - PromiseKit/UIKit (6.8.5):
    - PromiseKit/CorePromise
  - Serializable.swift (0.1.5)
  - SQLite.swift (0.12.2):
    - SQLite.swift/standard (= 0.12.2)
  - SQLite.swift/standard (0.12.2)
  - SQLiteMigrationManager.swift (0.7.0):
    - SQLite.swift (~> 0.12.0)
  - Tesseract.EthereumTypes (0.1.9):
    - BigInt (~> 4.0)
    - CryptoSwift (~> 1.0)
    - Serializable.swift (~> 0.1)

DEPENDENCIES:
  - PromiseKit (~> 6.8.0)
  - Serializable.swift (~> 0.1)
  - SQLite.swift (~> 0.12.0)
  - SQLiteMigrationManager.swift (~> 0.7.0)
  - Tesseract.EthereumTypes (~> 0.1)

SPEC REPOS:
  https://github.com/cocoapods/specs.git:
    - BigInt
    - CryptoSwift
    - PromiseKit
    - Serializable.swift
    - SQLite.swift
    - SQLiteMigrationManager.swift
    - Tesseract.EthereumTypes

SPEC CHECKSUMS:
  BigInt: 2aad1a9942dc932ec8b84290d2c564a3d76f97ab
  CryptoSwift: d81eeaa59dc5a8d03720fe919a6fd07b51f7439f
  PromiseKit: 9616b0afef31eae56ab9ce044c8ec2b8612a15cd
  Serializable.swift: 0e607d290da30d36e4cebb41e12c9923806331e1
  SQLite.swift: d2b4642190917051ce6bd1d49aab565fe794eea3
  SQLiteMigrationManager.swift: 2dd6f760d6e53f666176346436c689e55a608f7a
  Tesseract.EthereumTypes: 3835ac8935fe817f9048512d44e31d3ea3fcc9ef

PODFILE CHECKSUM: 3c6e93526c3403b2a16c86e2ee656567db53b132

COCOAPODS: 1.7.3
