PODS:
  - BigInt (3.1.0):
    - SipHash (~> 1.2)
  - CryptoSwift (0.14.0)
  - MnemonicKit (1.3.4):
    - CryptoSwift (~> 0.14.0)
  - PromiseKit (6.8.3):
    - PromiseKit/CorePromise (= 6.8.3)
    - PromiseKit/Foundation (= 6.8.3)
    - PromiseKit/UIKit (= 6.8.3)
  - PromiseKit/CorePromise (6.8.3)
  - PromiseKit/Foundation (6.8.3):
    - PromiseKit/CorePromise
  - PromiseKit/UIKit (6.8.3):
    - PromiseKit/CorePromise
  - secp256k1.swift (0.1.4)
  - SerializableValue (0.0.1)
  - SipHash (1.2.2)
  - SQLite.swift (0.11.5):
    - SQLite.swift/standard (= 0.11.5)
  - SQLite.swift/standard (0.11.5)
  - SQLiteMigrationManager.swift (0.5.0):
    - SQLite.swift (~> 0.11.0)
  - TesseractEthereumBase (0.0.1):
    - TesseractEthereumBase/Core (= 0.0.1)
  - TesseractEthereumBase/Core (0.0.1):
    - BigInt (~> 3.1)
    - CryptoSwift (~> 0.13)
    - SerializableValue (~> 0.0.1)
  - TesseractKeychain (0.0.1):
    - BigInt (~> 3.1)
    - CryptoSwift (~> 0.13)
    - MnemonicKit (~> 1.3.0)
    - secp256k1.swift (~> 0.1)

DEPENDENCIES:
  - PromiseKit (~> 6.8.0)
  - SerializableValue (from `https://github.com/ypopovych/swift-serializable.git`, branch `master`)
  - SQLite.swift (from `https://github.com/ottosuess/SQLite.swift.git`, branch `master`)
  - SQLiteMigrationManager.swift (~> 0.5.0)
  - "TesseractEthereumBase (from `git@github.com:ypopovych/swift-ethereum-base.git`, branch `master`)"
  - "TesseractKeychain (from `git@github.com:ypopovych/swift-keychain.git`, branch `master`)"

SPEC REPOS:
  https://github.com/cocoapods/specs.git:
    - BigInt
    - CryptoSwift
    - MnemonicKit
    - PromiseKit
    - secp256k1.swift
    - SipHash
    - SQLiteMigrationManager.swift

EXTERNAL SOURCES:
  SerializableValue:
    :branch: master
    :git: https://github.com/ypopovych/swift-serializable.git
  SQLite.swift:
    :branch: master
    :git: https://github.com/ottosuess/SQLite.swift.git
  TesseractEthereumBase:
    :branch: master
    :git: "git@github.com:ypopovych/swift-ethereum-base.git"
  TesseractKeychain:
    :branch: master
    :git: "git@github.com:ypopovych/swift-keychain.git"

CHECKOUT OPTIONS:
  SerializableValue:
    :commit: a77ea4589520eac0406912dca1dc54466ffa82ac
    :git: https://github.com/ypopovych/swift-serializable.git
  SQLite.swift:
    :commit: 1a34caff10c529ef7ed4fc1de6db819a1cd0bc6e
    :git: https://github.com/ottosuess/SQLite.swift.git
  TesseractEthereumBase:
    :commit: bddcb4b9128316900ee1da5be73307c94c55e70d
    :git: "git@github.com:ypopovych/swift-ethereum-base.git"
  TesseractKeychain:
    :commit: e335f23e9e5ba4fc76db98e6c6491a04a12565f0
    :git: "git@github.com:ypopovych/swift-keychain.git"

SPEC CHECKSUMS:
  BigInt: 76b5dfdfa3e2e478d4ffdf161aeede5502e2742f
  CryptoSwift: 35a10419f4dbf0619c13f8c1c180037e115323fa
  MnemonicKit: c3517dfad15b7cc21ede6660b433aaae083faaa4
  PromiseKit: 94c6e781838c5bf4717677d0d882b0e7250c80fc
  secp256k1.swift: a7e7a214f6db6ce5db32cc6b2b45e5c4dd633634
  SerializableValue: 4dec77eadb50f94f4070f84a8826c51bc481e9cd
  SipHash: fad90a4683e420c52ef28063063dbbce248ea6d4
  SQLite.swift: 7e42c4b88dc7a5d764fbd431001e6d8dc8c1cfce
  SQLiteMigrationManager.swift: 646cfccb9a446b3134d19dca7a5ec5437f82da76
  TesseractEthereumBase: cc36a0266461f2bceaa18e10942bfc91e31d0fa3
  TesseractKeychain: 2cbbc08729398002c839086c8b76d7386654e488

PODFILE CHECKSUM: d748131b0bff0cf7a1ff5d9220d8ed666f6206de

COCOAPODS: 1.6.1
